
Microsoft Visual Studio Solution File, Format Version 12.00
# Visual Studio Version 16
VisualStudioVersion = 16.0.29728.190
MinimumVisualStudioVersion = 10.0.40219.1
Project("{FAE04EC0-301F-11D3-BF4B-00C04F79EFBC}") = "Speech", "Speech.csproj", "{7F8223CD-7A7F-403C-A176-11E181484440}"
EndProject
Global
	GlobalSection(SolutionConfigurationPlatforms) = preSolution
		Debug|Any CPU = Debug|Any CPU
		Release|Any CPU = Release|Any CPU
	EndGlobalSection
	GlobalSection(ProjectConfigurationPlatforms) = postSolution
		{7F8223CD-7A7F-403C-A176-11E181484440}.Debug|Any CPU.ActiveCfg = Debug|Any CPU
		{7F8223CD-7A7F-403C-A176-11E181484440}.Debug|Any CPU.Build.0 = Debug|Any CPU
		{7F8223CD-7A7F-403C-A176-11E181484440}.Release|Any CPU.ActiveCfg = Release|Any CPU
		{7F8223CD-7A7F-403C-A176-11E181484440}.Release|Any CPU.Build.0 = Release|Any CPU
	EndGlobalSection
	GlobalSection(SolutionProperties) = preSolution
		HideSolutionNode = FALSE
	EndGlobalSection
	GlobalSection(ExtensibilityGlobals) = postSolution
		SolutionGuid = {965A6828-55A1-492C-B629-B43C9F126600}
	EndGlobalSection
EndGlobal
